
Microsoft Visual Studio Solution File, Format Version 12.00
# Visual Studio Express 2012 for Windows Desktop
Project("{8BC9CEB8-8B4A-11D0-8D11-00A0C91BC942}") = "kadai2", "kadai2.vcxproj", "{7EEA4918-F3E5-4658-AB9D-C864AA6D605D}"
EndProject
Global
	GlobalSection(SolutionConfigurationPlatforms) = preSolution
		Debug|Win32 = Debug|Win32
		Release|Win32 = Release|Win32
	EndGlobalSection
	GlobalSection(ProjectConfigurationPlatforms) = postSolution
		{7EEA4918-F3E5-4658-AB9D-C864AA6D605D}.Debug|Win32.ActiveCfg = Debug|Win32
		{7EEA4918-F3E5-4658-AB9D-C864AA6D605D}.Debug|Win32.Build.0 = Debug|Win32
		{7EEA4918-F3E5-4658-AB9D-C864AA6D605D}.Release|Win32.ActiveCfg = Release|Win32
		{7EEA4918-F3E5-4658-AB9D-C864AA6D605D}.Release|Win32.Build.0 = Release|Win32
	EndGlobalSection
	GlobalSection(SolutionProperties) = preSolution
		HideSolutionNode = FALSE
	EndGlobalSection
EndGlobal
