
Microsoft Visual Studio Solution File, Format Version 12.00
# Visual Studio Express 2012 for Windows Desktop
Project("{8BC9CEB8-8B4A-11D0-8D11-00A0C91BC942}") = "kadai3", "kadai3.vcxproj", "{284C96C8-135C-4392-8B57-52C2C522C305}"
EndProject
Global
	GlobalSection(SolutionConfigurationPlatforms) = preSolution
		Debug|Win32 = Debug|Win32
		Release|Win32 = Release|Win32
	EndGlobalSection
	GlobalSection(ProjectConfigurationPlatforms) = postSolution
		{284C96C8-135C-4392-8B57-52C2C522C305}.Debug|Win32.ActiveCfg = Debug|Win32
		{284C96C8-135C-4392-8B57-52C2C522C305}.Debug|Win32.Build.0 = Debug|Win32
		{284C96C8-135C-4392-8B57-52C2C522C305}.Release|Win32.ActiveCfg = Release|Win32
		{284C96C8-135C-4392-8B57-52C2C522C305}.Release|Win32.Build.0 = Release|Win32
	EndGlobalSection
	GlobalSection(SolutionProperties) = preSolution
		HideSolutionNode = FALSE
	EndGlobalSection
EndGlobal
